lockfileVersion: 5.4

specifiers:
  '@prisma/client': 4.x

dependencies:
  '@prisma/client': 4.4.0

packages:

  /@prisma/client/4.4.0:
    resolution: {integrity: sha512-ciKOP246x1xwr04G9ajHlJ4pkmtu9Q6esVyqVBO0QJihaKQIUvbPjClp17IsRJyxqNpFm4ScbOc/s9DUzKHINQ==}
    engines: {node: '>=14.17'}
    requiresBuild: true
    peerDependencies:
      prisma: '*'
    peerDependenciesMeta:
      prisma:
        optional: true
    dependencies:
      '@prisma/engines-version': 4.4.0-66.f352a33b70356f46311da8b00d83386dd9f145d6
    dev: false

  /@prisma/engines-version/4.4.0-66.f352a33b70356f46311da8b00d83386dd9f145d6:
    resolution: {integrity: sha512-P5v/PuEIJLYXZUZBvOLPqoyCW+m6StNqHdiR6te++gYVODpPdLakks5HVx3JaZIY+LwR02juJWFlwpc9Eog/ug==}
    dev: false
